// !$*UTF8*$!
{
	archiveVersion = 1;
	classes = {
	};
	objectVersion = 46;
	objects = {

/* Begin PBXBuildFile section */
		B27397081BE97EE300FD9444 /* main.m in Sources */ = {isa = PBXBuildFile; fileRef = B27397071BE97EE300FD9444 /* main.m */; };
		B273970B1BE97EE300FD9444 /* AppDelegate.m in Sources */ = {isa = PBXBuildFile; fileRef = B273970A1BE97EE300FD9444 /* AppDelegate.m */; };
		B273970E1BE97EE300FD9444 /* MasterViewController.m in Sources */ = {isa = PBXBuildFile; fileRef = B273970D1BE97EE300FD9444 /* MasterViewController.m */; };
		B27397111BE97EE300FD9444 /* DetailViewController.m in Sources */ = {isa = PBXBuildFile; fileRef = B27397101BE97EE300FD9444 /* DetailViewController.m */; };
		B27397141BE97EE300FD9444 /* Main.storyboard in Resources */ = {isa = PBXBuildFile; fileRef = B27397121BE97EE300FD9444 /* Main.storyboard */; };
		B27397161BE97EE300FD9444 /* Assets.xcassets in Resources */ = {isa = PBXBuildFile; fileRef = B27397151BE97EE300FD9444 /* Assets.xcassets */; };
		B27397191BE97EE300FD9444 /* LaunchScreen.storyboard in Resources */ = {isa = PBXBuildFile; fileRef = B27397171BE97EE300FD9444 /* LaunchScreen.storyboard */; };
		B27397241BE97EE300FD9444 /* UnitTestExampleTests.m in Sources */ = {isa = PBXBuildFile; fileRef = B27397231BE97EE300FD9444 /* UnitTestExampleTests.m */; };
		B273972F1BE97EE300FD9444 /* UnitTestExampleUITests.m in Sources */ = {isa = PBXBuildFile; fileRef = B273972E1BE97EE300FD9444 /* UnitTestExampleUITests.m */; };
/* End PBXBuildFile section */

/* Begin PBXContainerItemProxy section */
		B27397201BE97EE300FD9444 /* PBXContainerItemProxy */ = {
			isa = PBXContainerItemProxy;
			containerPortal = B27396FB1BE97EE200FD9444 /* Project object */;
			proxyType = 1;
			remoteGlobalIDString = B27397021BE97EE200FD9444;
			remoteInfo = UnitTestExample;
		};
		B273972B1BE97EE300FD9444 /* PBXContainerItemProxy */ = {
			isa = PBXContainerItemProxy;
			containerPortal = B27396FB1BE97EE200FD9444 /* Project object */;
			proxyType = 1;
			remoteGlobalIDString = B27397021BE97EE200FD9444;
			remoteInfo = UnitTestExample;
		};
/* End PBXContainerItemProxy section */

/* Begin PBXFileReference section */
		B27397031BE97EE200FD9444 /* UnitTestExample.app */ = {isa = PBXFileReference; explicitFileType = wrapper.application; includeInIndex = 0; path = UnitTestExample.app; sourceTree = BUILT_PRODUCTS_DIR; };
		B27397071BE97EE300FD9444 /* main.m */ = {isa = PBXFileReference; lastKnownFileType = sourcecode.c.objc; path = main.m; sourceTree = "<group>"; };
		B27397091BE97EE300FD9444 /* AppDelegate.h */ = {isa = PBXFileReference; lastKnownFileType = sourcecode.c.h; path = AppDelegate.h; sourceTree = "<group>"; };
		B273970A1BE97EE300FD9444 /* AppDelegate.m */ = {isa = PBXFileReference; lastKnownFileType = sourcecode.c.objc; path = AppDelegate.m; sourceTree = "<group>"; };
		B273970C1BE97EE300FD9444 /* MasterViewController.h */ = {isa = PBXFileReference; lastKnownFileType = sourcecode.c.h; path = MasterViewController.h; sourceTree = "<group>"; };
		B273970D1BE97EE300FD9444 /* MasterViewController.m */ = {isa = PBXFileReference; lastKnownFileType = sourcecode.c.objc; path = MasterViewController.m; sourceTree = "<group>"; };
		B273970F1BE97EE300FD9444 /* DetailViewController.h */ = {isa = PBXFileReference; lastKnownFileType = sourcecode.c.h; path = DetailViewController.h; sourceTree = "<group>"; };
		B27397101BE97EE300FD9444 /* DetailViewController.m */ = {isa = PBXFileReference; lastKnownFileType = sourcecode.c.objc; path = DetailViewController.m; sourceTree = "<group>"; };
		B27397131BE97EE300FD9444 /* Base */ = {isa = PBXFileReference; lastKnownFileType = file.storyboard; name = Base; path = Base.lproj/Main.storyboard; sourceTree = "<group>"; };
		B27397151BE97EE300FD9444 /* Assets.xcassets */ = {isa = PBXFileReference; lastKnownFileType = folder.assetcatalog; path = Assets.xcassets; sourceTree = "<group>"; };
		B27397181BE97EE300FD9444 /* Base */ = {isa = PBXFileReference; lastKnownFileType = file.storyboard; name = Base; path = Base.lproj/LaunchScreen.storyboard; sourceTree = "<group>"; };
		B273971A1BE97EE300FD9444 /* Info.plist */ = {isa = PBXFileReference; lastKnownFileType = text.plist.xml; path = Info.plist; sourceTree = "<group>"; };
		B273971F1BE97EE300FD9444 /* UnitTestExampleTests.xctest */ = {isa = PBXFileReference; explicitFileType = wrapper.cfbundle; includeInIndex = 0; path = UnitTestExampleTests.xctest; sourceTree = BUILT_PRODUCTS_DIR; };
		B27397231BE97EE300FD9444 /* UnitTestExampleTests.m */ = {isa = PBXFileReference; lastKnownFileType = sourcecode.c.objc; path = UnitTestExampleTests.m; sourceTree = "<group>"; };
		B27397251BE97EE300FD9444 /* Info.plist */ = {isa = PBXFileReference; lastKnownFileType = text.plist.xml; path = Info.plist; sourceTree = "<group>"; };
		B273972A1BE97EE300FD9444 /* UnitTestExampleUITests.xctest */ = {isa = PBXFileReference; explicitFileType = wrapper.cfbundle; includeInIndex = 0; path = UnitTestExampleUITests.xctest; sourceTree = BUILT_PRODUCTS_DIR; };
		B273972E1BE97EE300FD9444 /* UnitTestExampleUITests.m */ = {isa = PBXFileReference; lastKnownFileType = sourcecode.c.objc; path = UnitTestExampleUITests.m; sourceTree = "<group>"; };
		B27397301BE97EE300FD9444 /* Info.plist */ = {isa = PBXFileReference; lastKnownFileType = text.plist.xml; path = Info.plist; sourceTree = "<group>"; };
/* End PBXFileReference section */

/* Begin PBXFrameworksBuildPhase section */
		B27397001BE97EE200FD9444 /* Frameworks */ = {
			isa = PBXFrameworksBuildPhase;
			buildActionMask = 2147483647;
			files = (
			);
			runOnlyForDeploymentPostprocessing = 0;
		};
		B273971C1BE97EE300FD9444 /* Frameworks */ = {
			isa = PBXFrameworksBuildPhase;
			buildActionMask = 2147483647;
			files = (
			);
			runOnlyForDeploymentPostprocessing = 0;
		};
		B27397271BE97EE300FD9444 /* Frameworks */ = {
			isa = PBXFrameworksBuildPhase;
			buildActionMask = 2147483647;
			files = (
			);
			runOnlyForDeploymentPostprocessing = 0;
		};
/* End PBXFrameworksBuildPhase section */

/* Begin PBXGroup section */
		B27396FA1BE97EE200FD9444 = {
			isa = PBXGroup;
			children = (
				B27397051BE97EE200FD9444 /* UnitTestExample */,
				B27397221BE97EE300FD9444 /* UnitTestExampleTests */,
				B273972D1BE97EE300FD9444 /* UnitTestExampleUITests */,
				B27397041BE97EE200FD9444 /* Products */,
			);
			sourceTree = "<group>";
		};
		B27397041BE97EE200FD9444 /* Products */ = {
			isa = PBXGroup;
			children = (
				B27397031BE97EE200FD9444 /* UnitTestExample.app */,
				B273971F1BE97EE300FD9444 /* UnitTestExampleTests.xctest */,
				B273972A1BE97EE300FD9444 /* UnitTestExampleUITests.xctest */,
			);
			name = Products;
			sourceTree = "<group>";
		};
		B27397051BE97EE200FD9444 /* UnitTestExample */ = {
			isa = PBXGroup;
			children = (
				B27397091BE97EE300FD9444 /* AppDelegate.h */,
				B273970A1BE97EE300FD9444 /* AppDelegate.m */,
				B273970C1BE97EE300FD9444 /* MasterViewController.h */,
				B273970D1BE97EE300FD9444 /* MasterViewController.m */,
				B273970F1BE97EE300FD9444 /* DetailViewController.h */,
				B27397101BE97EE300FD9444 /* DetailViewController.m */,
				B27397121BE97EE300FD9444 /* Main.storyboard */,
				B27397151BE97EE300FD9444 /* Assets.xcassets */,
				B27397171BE97EE300FD9444 /* LaunchScreen.storyboard */,
				B273971A1BE97EE300FD9444 /* Info.plist */,
				B27397061BE97EE300FD9444 /* Supporting Files */,
			);
			path = UnitTestExample;
			sourceTree = "<group>";
		};
		B27397061BE97EE300FD9444 /* Supporting Files */ = {
			isa = PBXGroup;
			children = (
				B27397071BE97EE300FD9444 /* main.m */,
			);
			name = "Supporting Files";
			sourceTree = "<group>";
		};
		B27397221BE97EE300FD9444 /* UnitTestExampleTests */ = {
			isa = PBXGroup;
			children = (
				B27397231BE97EE300FD9444 /* UnitTestExampleTests.m */,
				B27397251BE97EE300FD9444 /* Info.plist */,
			);
			path = UnitTestExampleTests;
			sourceTree = "<group>";
		};
		B273972D1BE97EE300FD9444 /* UnitTestExampleUITests */ = {
			isa = PBXGroup;
			children = (
				B273972E1BE97EE300FD9444 /* UnitTestExampleUITests.m */,
				B27397301BE97EE300FD9444 /* Info.plist */,
			);
			path = UnitTestExampleUITests;
			sourceTree = "<group>";
		};
/* End PBXGroup section */

/* Begin PBXNativeTarget section */
		B27397021BE97EE200FD9444 /* UnitTestExample */ = {
			isa = PBXNativeTarget;
			buildConfigurationList = B27397331BE97EE300FD9444 /* Build configuration list for PBXNativeTarget "UnitTestExample" */;
			buildPhases = (
				B27396FF1BE97EE200FD9444 /* Sources */,
				B27397001BE97EE200FD9444 /* Frameworks */,
				B27397011BE97EE200FD9444 /* Resources */,
			);
			buildRules = (
			);
			dependencies = (
			);
			name = UnitTestExample;
			productName = UnitTestExample;
			productReference = B27397031BE97EE200FD9444 /* UnitTestExample.app */;
			productType = "com.apple.product-type.application";
		};
		B273971E1BE97EE300FD9444 /* UnitTestExampleTests */ = {
			isa = PBXNativeTarget;
			buildConfigurationList = B27397361BE97EE300FD9444 /* Build configuration list for PBXNativeTarget "UnitTestExampleTests" */;
			buildPhases = (
				B273971B1BE97EE300FD9444 /* Sources */,
				B273971C1BE97EE300FD9444 /* Frameworks */,
				B273971D1BE97EE300FD9444 /* Resources */,
			);
			buildRules = (
			);
			dependencies = (
				B27397211BE97EE300FD9444 /* PBXTargetDependency */,
			);
			name = UnitTestExampleTests;
			productName = UnitTestExampleTests;
			productReference = B273971F1BE97EE300FD9444 /* UnitTestExampleTests.xctest */;
			productType = "com.apple.product-type.bundle.unit-test";
		};
		B27397291BE97EE300FD9444 /* UnitTestExampleUITests */ = {
			isa = PBXNativeTarget;
			buildConfigurationList = B27397391BE97EE300FD9444 /* Build configuration list for PBXNativeTarget "UnitTestExampleUITests" */;
			buildPhases = (
				B27397261BE97EE300FD9444 /* Sources */,
				B27397271BE97EE300FD9444 /* Frameworks */,
				B27397281BE97EE300FD9444 /* Resources */,
			);
			buildRules = (
			);
			dependencies = (
				B273972C1BE97EE300FD9444 /* PBXTargetDependency */,
			);
			name = UnitTestExampleUITests;
			productName = UnitTestExampleUITests;
			productReference = B273972A1BE97EE300FD9444 /* UnitTestExampleUITests.xctest */;
			productType = "com.apple.product-type.bundle.ui-testing";
		};
/* End PBXNativeTarget section */

/* Begin PBXProject section */
		B27396FB1BE97EE200FD9444 /* Project object */ = {
			isa = PBXProject;
			attributes = {
				LastUpgradeCheck = 0710;
				ORGANIZATIONNAME = Microsoft;
				TargetAttributes = {
					B27397021BE97EE200FD9444 = {
						CreatedOnToolsVersion = 7.1;
					};
					B273971E1BE97EE300FD9444 = {
						CreatedOnToolsVersion = 7.1;
						TestTargetID = B27397021BE97EE200FD9444;
					};
					B27397291BE97EE300FD9444 = {
						CreatedOnToolsVersion = 7.1;
						TestTargetID = B27397021BE97EE200FD9444;
					};
				};
			};
			buildConfigurationList = B27396FE1BE97EE200FD9444 /* Build configuration list for PBXProject "UnitTestExample" */;
			compatibilityVersion = "Xcode 3.2";
			developmentRegion = English;
			hasScannedForEncodings = 0;
			knownRegions = (
				en,
				Base,
			);
			mainGroup = B27396FA1BE97EE200FD9444;
			productRefGroup = B27397041BE97EE200FD9444 /* Products */;
			projectDirPath = "";
			projectRoot = "";
			targets = (
				B27397021BE97EE200FD9444 /* UnitTestExample */,
				B273971E1BE97EE300FD9444 /* UnitTestExampleTests */,
				B27397291BE97EE300FD9444 /* UnitTestExampleUITests */,
			);
		};
/* End PBXProject section */

/* Begin PBXResourcesBuildPhase section */
		B27397011BE97EE200FD9444 /* Resources */ = {
			isa = PBXResourcesBuildPhase;
			buildActionMask = 2147483647;
			files = (
				B27397191BE97EE300FD9444 /* LaunchScreen.storyboard in Resources */,
				B27397161BE97EE300FD9444 /* Assets.xcassets in Resources */,
				B27397141BE97EE300FD9444 /* Main.storyboard in Resources */,
			);
			runOnlyForDeploymentPostprocessing = 0;
		};
		B273971D1BE97EE300FD9444 /* Resources */ = {
			isa = PBXResourcesBuildPhase;
			buildActionMask = 2147483647;
			files = (
			);
			runOnlyForDeploymentPostprocessing = 0;
		};
		B27397281BE97EE300FD9444 /* Resources */ = {
			isa = PBXResourcesBuildPhase;
			buildActionMask = 2147483647;
			files = (
			);
			runOnlyForDeploymentPostprocessing = 0;
		};
/* End PBXResourcesBuildPhase section */

/* Begin PBXSourcesBuildPhase section */
		B27396FF1BE97EE200FD9444 /* Sources */ = {
			isa = PBXSourcesBuildPhase;
			buildActionMask = 2147483647;
			files = (
				B273970B1BE97EE300FD9444 /* AppDelegate.m in Sources */,
				B273970E1BE97EE300FD9444 /* MasterViewController.m in Sources */,
				B27397081BE97EE300FD9444 /* main.m in Sources */,
				B27397111BE97EE300FD9444 /* DetailViewController.m in Sources */,
			);
			runOnlyForDeploymentPostprocessing = 0;
		};
		B273971B1BE97EE300FD9444 /* Sources */ = {
			isa = PBXSourcesBuildPhase;
			buildActionMask = 2147483647;
			files = (
				B27397241BE97EE300FD9444 /* UnitTestExampleTests.m in Sources */,
			);
			runOnlyForDeploymentPostprocessing = 0;
		};
		B27397261BE97EE300FD9444 /* Sources */ = {
			isa = PBXSourcesBuildPhase;
			buildActionMask = 2147483647;
			files = (
				B273972F1BE97EE300FD9444 /* UnitTestExampleUITests.m in Sources */,
			);
			runOnlyForDeploymentPostprocessing = 0;
		};
/* End PBXSourcesBuildPhase section */

/* Begin PBXTargetDependency section */
		B27397211BE97EE300FD9444 /* PBXTargetDependency */ = {
			isa = PBXTargetDependency;
			target = B27397021BE97EE200FD9444 /* UnitTestExample */;
			targetProxy = B27397201BE97EE300FD9444 /* PBXContainerItemProxy */;
		};
		B273972C1BE97EE300FD9444 /* PBXTargetDependency */ = {
			isa = PBXTargetDependency;
			target = B27397021BE97EE200FD9444 /* UnitTestExample */;
			targetProxy = B273972B1BE97EE300FD9444 /* PBXContainerItemProxy */;
		};
/* End PBXTargetDependency section */

/* Begin PBXVariantGroup section */
		B27397121BE97EE300FD9444 /* Main.storyboard */ = {
			isa = PBXVariantGroup;
			children = (
				B27397131BE97EE300FD9444 /* Base */,
			);
			name = Main.storyboard;
			sourceTree = "<group>";
		};
		B27397171BE97EE300FD9444 /* LaunchScreen.storyboard */ = {
			isa = PBXVariantGroup;
			children = (
				B27397181BE97EE300FD9444 /* Base */,
			);
			name = LaunchScreen.storyboard;
			sourceTree = "<group>";
		};
/* End PBXVariantGroup section */

/* Begin XCBuildConfiguration section */
		B27397311BE97EE300FD9444 /* Debug */ = {
			isa = XCBuildConfiguration;
			buildSettings = {
				ALWAYS_SEARCH_USER_PATHS = NO;
				CLANG_CXX_LANGUAGE_STANDARD = "gnu++0x";
				CLANG_CXX_LIBRARY = "libc++";
				CLANG_ENABLE_MODULES = YES;
				CLANG_ENABLE_OBJC_ARC = YES;
				CLANG_WARN_BOOL_CONVERSION = YES;
				CLANG_WARN_CONSTANT_CONVERSION = YES;
				CLANG_WARN_DIRECT_OBJC_ISA_USAGE = YES_ERROR;
				CLANG_WARN_EMPTY_BODY = YES;
				CLANG_WARN_ENUM_CONVERSION = YES;
				CLANG_WARN_INT_CONVERSION = YES;
				CLANG_WARN_OBJC_ROOT_CLASS = YES_ERROR;
				CLANG_WARN_UNREACHABLE_CODE = YES;
				CLANG_WARN__DUPLICATE_METHOD_MATCH = YES;
				"CODE_SIGN_IDENTITY[sdk=iphoneos*]" = "iPhone Developer";
				COPY_PHASE_STRIP = NO;
				DEBUG_INFORMATION_FORMAT = dwarf;
				ENABLE_STRICT_OBJC_MSGSEND = YES;
				ENABLE_TESTABILITY = YES;
				GCC_C_LANGUAGE_STANDARD = gnu99;
				GCC_DYNAMIC_NO_PIC = NO;
				GCC_NO_COMMON_BLOCKS = YES;
				GCC_OPTIMIZATION_LEVEL = 0;
				GCC_PREPROCESSOR_DEFINITIONS = (
					"DEBUG=1",
					"$(inherited)",
				);
				GCC_WARN_64_TO_32_BIT_CONVERSION = YES;
				GCC_WARN_ABOUT_RETURN_TYPE = YES_ERROR;
				GCC_WARN_UNDECLARED_SELECTOR = YES;
				GCC_WARN_UNINITIALIZED_AUTOS = YES_AGGRESSIVE;
				GCC_WARN_UNUSED_FUNCTION = YES;
				GCC_WARN_UNUSED_VARIABLE = YES;
				IPHONEOS_DEPLOYMENT_TARGET = 9.1;
				MTL_ENABLE_DEBUG_INFO = YES;
				ONLY_ACTIVE_ARCH = YES;
				SDKROOT = iphoneos;
			};
			name = Debug;
		};
		B27397321BE97EE300FD9444 /* Release */ = {
			isa = XCBuildConfiguration;
			buildSettings = {
				ALWAYS_SEARCH_USER_PATHS = NO;
				CLANG_CXX_LANGUAGE_STANDARD = "gnu++0x";
				CLANG_CXX_LIBRARY = "libc++";
				CLANG_ENABLE_MODULES = YES;
				CLANG_ENABLE_OBJC_ARC = YES;
				CLANG_WARN_BOOL_CONVERSION = YES;
				CLANG_WARN_CONSTANT_CONVERSION = YES;
				CLANG_WARN_DIRECT_OBJC_ISA_USAGE = YES_ERROR;
				CLANG_WARN_EMPTY_BODY = YES;
				CLANG_WARN_ENUM_CONVERSION = YES;
				CLANG_WARN_INT_CONVERSION = YES;
				CLANG_WARN_OBJC_ROOT_CLASS = YES_ERROR;
				CLANG_WARN_UNREACHABLE_CODE = YES;
				CLANG_WARN__DUPLICATE_METHOD_MATCH = YES;
				"CODE_SIGN_IDENTITY[sdk=iphoneos*]" = "iPhone Developer";
				COPY_PHASE_STRIP = NO;
				DEBUG_INFORMATION_FORMAT = "dwarf-with-dsym";
				ENABLE_NS_ASSERTIONS = NO;
				ENABLE_STRICT_OBJC_MSGSEND = YES;
				GCC_C_LANGUAGE_STANDARD = gnu99;
				GCC_NO_COMMON_BLOCKS = YES;
				GCC_WARN_64_TO_32_BIT_CONVERSION = YES;
				GCC_WARN_ABOUT_RETURN_TYPE = YES_ERROR;
				GCC_WARN_UNDECLARED_SELECTOR = YES;
				GCC_WARN_UNINITIALIZED_AUTOS = YES_AGGRESSIVE;
				GCC_WARN_UNUSED_FUNCTION = YES;
				GCC_WARN_UNUSED_VARIABLE = YES;
				IPHONEOS_DEPLOYMENT_TARGET = 9.1;
				MTL_ENABLE_DEBUG_INFO = NO;
				SDKROOT = iphoneos;
				VALIDATE_PRODUCT = YES;
			};
			name = Release;
		};
		B27397341BE97EE300FD9444 /* Debug */ = {
			isa = XCBuildConfiguration;
			buildSettings = {
				ASSETCATALOG_COMPILER_APPICON_NAME = AppIcon;
				INFOPLIST_FILE = UnitTestExample/Info.plist;
				LD_RUNPATH_SEARCH_PATHS = "$(inherited) @executable_path/Frameworks";
				PRODUCT_BUNDLE_IDENTIFIER = com.microsoft.hockeyapp.UnitTestExample;
				PRODUCT_NAME = "$(TARGET_NAME)";
			};
			name = Debug;
		};
		B27397351BE97EE300FD9444 /* Release */ = {
			isa = XCBuildConfiguration;
			buildSettings = {
				ASSETCATALOG_COMPILER_APPICON_NAME = AppIcon;
				INFOPLIST_FILE = UnitTestExample/Info.plist;
				LD_RUNPATH_SEARCH_PATHS = "$(inherited) @executable_path/Frameworks";
				PRODUCT_BUNDLE_IDENTIFIER = com.microsoft.hockeyapp.UnitTestExample;
				PRODUCT_NAME = "$(TARGET_NAME)";
			};
			name = Release;
		};
		B27397371BE97EE300FD9444 /* Debug */ = {
			isa = XCBuildConfiguration;
			buildSettings = {
				BUNDLE_LOADER = "$(TEST_HOST)";
				INFOPLIST_FILE = UnitTestExampleTests/Info.plist;
				LD_RUNPATH_SEARCH_PATHS = "$(inherited) @executable_path/Frameworks @loader_path/Frameworks";
				PRODUCT_BUNDLE_IDENTIFIER = com.microsoft.hockeyapp.UnitTestExampleTests;
				PRODUCT_NAME = "$(TARGET_NAME)";
				TEST_HOST = "$(BUILT_PRODUCTS_DIR)/UnitTestExample.app/UnitTestExample";
			};
			name = Debug;
		};
		B27397381BE97EE300FD9444 /* Release */ = {
			isa = XCBuildConfiguration;
			buildSettings = {
				BUNDLE_LOADER = "$(TEST_HOST)";
				INFOPLIST_FILE = UnitTestExampleTests/Info.plist;
				LD_RUNPATH_SEARCH_PATHS = "$(inherited) @executable_path/Frameworks @loader_path/Frameworks";
				PRODUCT_BUNDLE_IDENTIFIER = com.microsoft.hockeyapp.UnitTestExampleTests;
				PRODUCT_NAME = "$(TARGET_NAME)";
				TEST_HOST = "$(BUILT_PRODUCTS_DIR)/UnitTestExample.app/UnitTestExample";
			};
			name = Release;
		};
		B273973A1BE97EE300FD9444 /* Debug */ = {
			isa = XCBuildConfiguration;
			buildSettings = {
				INFOPLIST_FILE = UnitTestExampleUITests/Info.plist;
				LD_RUNPATH_SEARCH_PATHS = "$(inherited) @executable_path/Frameworks @loader_path/Frameworks";
				PRODUCT_BUNDLE_IDENTIFIER = com.microsoft.hockeyapp.UnitTestExampleUITests;
				PRODUCT_NAME = "$(TARGET_NAME)";
				TEST_TARGET_NAME = UnitTestExample;
				USES_XCTRUNNER = YES;
			};
			name = Debug;
		};
		B273973B1BE97EE300FD9444 /* Release */ = {
			isa = XCBuildConfiguration;
			buildSettings = {
				INFOPLIST_FILE = UnitTestExampleUITests/Info.plist;
				LD_RUNPATH_SEARCH_PATHS = "$(inherited) @executable_path/Frameworks @loader_path/Frameworks";
				PRODUCT_BUNDLE_IDENTIFIER = com.microsoft.hockeyapp.UnitTestExampleUITests;
				PRODUCT_NAME = "$(TARGET_NAME)";
				TEST_TARGET_NAME = UnitTestExample;
				USES_XCTRUNNER = YES;
			};
			name = Release;
		};
/* End XCBuildConfiguration section */

/* Begin XCConfigurationList section */
		B27396FE1BE97EE200FD9444 /* Build configuration list for PBXProject "UnitTestExample" */ = {
			isa = XCConfigurationList;
			buildConfigurations = (
				B27397311BE97EE300FD9444 /* Debug */,
				B27397321BE97EE300FD9444 /* Release */,
			);
			defaultConfigurationIsVisible = 0;
			defaultConfigurationName = Release;
		};
		B27397331BE97EE300FD9444 /* Build configuration list for PBXNativeTarget "UnitTestExample" */ = {
			isa = XCConfigurationList;
			buildConfigurations = (
				B27397341BE97EE300FD9444 /* Debug */,
				B27397351BE97EE300FD9444 /* Release */,
			);
			defaultConfigurationIsVisible = 0;
		};
		B27397361BE97EE300FD9444 /* Build configuration list for PBXNativeTarget "UnitTestExampleTests" */ = {
			isa = XCConfigurationList;
			buildConfigurations = (
				B27397371BE97EE300FD9444 /* Debug */,
				B27397381BE97EE300FD9444 /* Release */,
			);
			defaultConfigurationIsVisible = 0;
		};
		B27397391BE97EE300FD9444 /* Build configuration list for PBXNativeTarget "UnitTestExampleUITests" */ = {
			isa = XCConfigurationList;
			buildConfigurations = (
				B273973A1BE97EE300FD9444 /* Debug */,
				B273973B1BE97EE300FD9444 /* Release */,
			);
			defaultConfigurationIsVisible = 0;
		};
/* End XCConfigurationList section */
	};
	rootObject = B27396FB1BE97EE200FD9444 /* Project object */;
}
