// !$*UTF8*$!
{
	archiveVersion = 1;
	classes = {
	};
	objectVersion = 46;
	objects = {

/* Begin PBXBuildFile section */
		16F6F87C1BE984D1004B10B3 /* AppDelegate.swift in Sources */ = {isa = PBXBuildFile; fileRef = 16F6F87B1BE984D1004B10B3 /* AppDelegate.swift */; };
		16F6F87E1BE984D1004B10B3 /* MasterViewController.swift in Sources */ = {isa = PBXBuildFile; fileRef = 16F6F87D1BE984D1004B10B3 /* MasterViewController.swift */; };
		16F6F8801BE984D1004B10B3 /* DetailViewController.swift in Sources */ = {isa = PBXBuildFile; fileRef = 16F6F87F1BE984D1004B10B3 /* DetailViewController.swift */; };
		16F6F8831BE984D1004B10B3 /* Main.storyboard in Resources */ = {isa = PBXBuildFile; fileRef = 16F6F8811BE984D1004B10B3 /* Main.storyboard */; };
		16F6F8851BE984D1004B10B3 /* Assets.xcassets in Resources */ = {isa = PBXBuildFile; fileRef = 16F6F8841BE984D1004B10B3 /* Assets.xcassets */; };
		16F6F8881BE984D1004B10B3 /* LaunchScreen.storyboard in Resources */ = {isa = PBXBuildFile; fileRef = 16F6F8861BE984D1004B10B3 /* LaunchScreen.storyboard */; };
		16F6F8931BE984D2004B10B3 /* SampleProjectWithTestsTests.swift in Sources */ = {isa = PBXBuildFile; fileRef = 16F6F8921BE984D2004B10B3 /* SampleProjectWithTestsTests.swift */; };
/* End PBXBuildFile section */

/* Begin PBXContainerItemProxy section */
		16F6F88F1BE984D2004B10B3 /* PBXContainerItemProxy */ = {
			isa = PBXContainerItemProxy;
			containerPortal = 16F6F8701BE984D1004B10B3 /* Project object */;
			proxyType = 1;
			remoteGlobalIDString = 16F6F8771BE984D1004B10B3;
			remoteInfo = SampleProjectWithTests;
		};
/* End PBXContainerItemProxy section */

/* Begin PBXFileReference section */
		16F6F8781BE984D1004B10B3 /* SampleProjectWithTests.app */ = {isa = PBXFileReference; explicitFileType = wrapper.application; includeInIndex = 0; path = SampleProjectWithTests.app; sourceTree = BUILT_PRODUCTS_DIR; };
		16F6F87B1BE984D1004B10B3 /* AppDelegate.swift */ = {isa = PBXFileReference; lastKnownFileType = sourcecode.swift; path = AppDelegate.swift; sourceTree = "<group>"; };
		16F6F87D1BE984D1004B10B3 /* MasterViewController.swift */ = {isa = PBXFileReference; lastKnownFileType = sourcecode.swift; path = MasterViewController.swift; sourceTree = "<group>"; };
		16F6F87F1BE984D1004B10B3 /* DetailViewController.swift */ = {isa = PBXFileReference; lastKnownFileType = sourcecode.swift; path = DetailViewController.swift; sourceTree = "<group>"; };
		16F6F8821BE984D1004B10B3 /* Base */ = {isa = PBXFileReference; lastKnownFileType = file.storyboard; name = Base; path = Base.lproj/Main.storyboard; sourceTree = "<group>"; };
		16F6F8841BE984D1004B10B3 /* Assets.xcassets */ = {isa = PBXFileReference; lastKnownFileType = folder.assetcatalog; path = Assets.xcassets; sourceTree = "<group>"; };
		16F6F8871BE984D1004B10B3 /* Base */ = {isa = PBXFileReference; lastKnownFileType = file.storyboard; name = Base; path = Base.lproj/LaunchScreen.storyboard; sourceTree = "<group>"; };
		16F6F8891BE984D1004B10B3 /* Info.plist */ = {isa = PBXFileReference; lastKnownFileType = text.plist.xml; path = Info.plist; sourceTree = "<group>"; };
		16F6F88E1BE984D2004B10B3 /* SampleProjectWithTestsTests.xctest */ = {isa = PBXFileReference; explicitFileType = wrapper.cfbundle; includeInIndex = 0; path = SampleProjectWithTestsTests.xctest; sourceTree = BUILT_PRODUCTS_DIR; };
		16F6F8921BE984D2004B10B3 /* SampleProjectWithTestsTests.swift */ = {isa = PBXFileReference; lastKnownFileType = sourcecode.swift; path = SampleProjectWithTestsTests.swift; sourceTree = "<group>"; };
		16F6F8941BE984D2004B10B3 /* Info.plist */ = {isa = PBXFileReference; lastKnownFileType = text.plist.xml; path = Info.plist; sourceTree = "<group>"; };
/* End PBXFileReference section */

/* Begin PBXFrameworksBuildPhase section */
		16F6F8751BE984D1004B10B3 /* Frameworks */ = {
			isa = PBXFrameworksBuildPhase;
			buildActionMask = 2147483647;
			files = (
			);
			runOnlyForDeploymentPostprocessing = 0;
		};
		16F6F88B1BE984D2004B10B3 /* Frameworks */ = {
			isa = PBXFrameworksBuildPhase;
			buildActionMask = 2147483647;
			files = (
			);
			runOnlyForDeploymentPostprocessing = 0;
		};
/* End PBXFrameworksBuildPhase section */

/* Begin PBXGroup section */
		16F6F86F1BE984D1004B10B3 = {
			isa = PBXGroup;
			children = (
				16F6F87A1BE984D1004B10B3 /* SampleProjectWithTests */,
				16F6F8911BE984D2004B10B3 /* SampleProjectWithTestsTests */,
				16F6F8791BE984D1004B10B3 /* Products */,
			);
			sourceTree = "<group>";
		};
		16F6F8791BE984D1004B10B3 /* Products */ = {
			isa = PBXGroup;
			children = (
				16F6F8781BE984D1004B10B3 /* SampleProjectWithTests.app */,
				16F6F88E1BE984D2004B10B3 /* SampleProjectWithTestsTests.xctest */,
			);
			name = Products;
			sourceTree = "<group>";
		};
		16F6F87A1BE984D1004B10B3 /* SampleProjectWithTests */ = {
			isa = PBXGroup;
			children = (
				16F6F87B1BE984D1004B10B3 /* AppDelegate.swift */,
				16F6F87D1BE984D1004B10B3 /* MasterViewController.swift */,
				16F6F87F1BE984D1004B10B3 /* DetailViewController.swift */,
				16F6F8811BE984D1004B10B3 /* Main.storyboard */,
				16F6F8841BE984D1004B10B3 /* Assets.xcassets */,
				16F6F8861BE984D1004B10B3 /* LaunchScreen.storyboard */,
				16F6F8891BE984D1004B10B3 /* Info.plist */,
			);
			path = SampleProjectWithTests;
			sourceTree = "<group>";
		};
		16F6F8911BE984D2004B10B3 /* SampleProjectWithTestsTests */ = {
			isa = PBXGroup;
			children = (
				16F6F8921BE984D2004B10B3 /* SampleProjectWithTestsTests.swift */,
				16F6F8941BE984D2004B10B3 /* Info.plist */,
			);
			path = SampleProjectWithTestsTests;
			sourceTree = "<group>";
		};
/* End PBXGroup section */

/* Begin PBXNativeTarget section */
		16F6F8771BE984D1004B10B3 /* SampleProjectWithTests */ = {
			isa = PBXNativeTarget;
			buildConfigurationList = 16F6F8A21BE984D2004B10B3 /* Build configuration list for PBXNativeTarget "SampleProjectWithTests" */;
			buildPhases = (
				16F6F8741BE984D1004B10B3 /* Sources */,
				16F6F8751BE984D1004B10B3 /* Frameworks */,
				16F6F8761BE984D1004B10B3 /* Resources */,
			);
			buildRules = (
			);
			dependencies = (
			);
			name = SampleProjectWithTests;
			productName = SampleProjectWithTests;
			productReference = 16F6F8781BE984D1004B10B3 /* SampleProjectWithTests.app */;
			productType = "com.apple.product-type.application";
		};
		16F6F88D1BE984D2004B10B3 /* SampleProjectWithTestsTests */ = {
			isa = PBXNativeTarget;
			buildConfigurationList = 16F6F8A51BE984D2004B10B3 /* Build configuration list for PBXNativeTarget "SampleProjectWithTestsTests" */;
			buildPhases = (
				16F6F88A1BE984D2004B10B3 /* Sources */,
				16F6F88B1BE984D2004B10B3 /* Frameworks */,
				16F6F88C1BE984D2004B10B3 /* Resources */,
			);
			buildRules = (
			);
			dependencies = (
				16F6F8901BE984D2004B10B3 /* PBXTargetDependency */,
			);
			name = SampleProjectWithTestsTests;
			productName = SampleProjectWithTestsTests;
			productReference = 16F6F88E1BE984D2004B10B3 /* SampleProjectWithTestsTests.xctest */;
			productType = "com.apple.product-type.bundle.unit-test";
		};
/* End PBXNativeTarget section */

/* Begin PBXProject section */
		16F6F8701BE984D1004B10B3 /* Project object */ = {
			isa = PBXProject;
			attributes = {
				LastSwiftUpdateCheck = 0710;
				LastUpgradeCheck = 0710;
				ORGANIZATIONNAME = Microsoft;
				TargetAttributes = {
					16F6F8771BE984D1004B10B3 = {
						CreatedOnToolsVersion = 7.1;
					};
					16F6F88D1BE984D2004B10B3 = {
						CreatedOnToolsVersion = 7.1;
						TestTargetID = 16F6F8771BE984D1004B10B3;
					};
				};
			};
			buildConfigurationList = 16F6F8731BE984D1004B10B3 /* Build configuration list for PBXProject "SampleProjectWithTests" */;
			compatibilityVersion = "Xcode 3.2";
			developmentRegion = English;
			hasScannedForEncodings = 0;
			knownRegions = (
				en,
				Base,
			);
			mainGroup = 16F6F86F1BE984D1004B10B3;
			productRefGroup = 16F6F8791BE984D1004B10B3 /* Products */;
			projectDirPath = "";
			projectRoot = "";
			targets = (
				16F6F8771BE984D1004B10B3 /* SampleProjectWithTests */,
				16F6F88D1BE984D2004B10B3 /* SampleProjectWithTestsTests */,
			);
		};
/* End PBXProject section */

/* Begin PBXResourcesBuildPhase section */
		16F6F8761BE984D1004B10B3 /* Resources */ = {
			isa = PBXResourcesBuildPhase;
			buildActionMask = 2147483647;
			files = (
				16F6F8881BE984D1004B10B3 /* LaunchScreen.storyboard in Resources */,
				16F6F8851BE984D1004B10B3 /* Assets.xcassets in Resources */,
				16F6F8831BE984D1004B10B3 /* Main.storyboard in Resources */,
			);
			runOnlyForDeploymentPostprocessing = 0;
		};
		16F6F88C1BE984D2004B10B3 /* Resources */ = {
			isa = PBXResourcesBuildPhase;
			buildActionMask = 2147483647;
			files = (
			);
			runOnlyForDeploymentPostprocessing = 0;
		};
/* End PBXResourcesBuildPhase section */

/* Begin PBXSourcesBuildPhase section */
		16F6F8741BE984D1004B10B3 /* Sources */ = {
			isa = PBXSourcesBuildPhase;
			buildActionMask = 2147483647;
			files = (
				16F6F8801BE984D1004B10B3 /* DetailViewController.swift in Sources */,
				16F6F87E1BE984D1004B10B3 /* MasterViewController.swift in Sources */,
				16F6F87C1BE984D1004B10B3 /* AppDelegate.swift in Sources */,
			);
			runOnlyForDeploymentPostprocessing = 0;
		};
		16F6F88A1BE984D2004B10B3 /* Sources */ = {
			isa = PBXSourcesBuildPhase;
			buildActionMask = 2147483647;
			files = (
				16F6F8931BE984D2004B10B3 /* SampleProjectWithTestsTests.swift in Sources */,
			);
			runOnlyForDeploymentPostprocessing = 0;
		};
/* End PBXSourcesBuildPhase section */

/* Begin PBXTargetDependency section */
		16F6F8901BE984D2004B10B3 /* PBXTargetDependency */ = {
			isa = PBXTargetDependency;
			target = 16F6F8771BE984D1004B10B3 /* SampleProjectWithTests */;
			targetProxy = 16F6F88F1BE984D2004B10B3 /* PBXContainerItemProxy */;
		};
/* End PBXTargetDependency section */

/* Begin PBXVariantGroup section */
		16F6F8811BE984D1004B10B3 /* Main.storyboard */ = {
			isa = PBXVariantGroup;
			children = (
				16F6F8821BE984D1004B10B3 /* Base */,
			);
			name = Main.storyboard;
			sourceTree = "<group>";
		};
		16F6F8861BE984D1004B10B3 /* LaunchScreen.storyboard */ = {
			isa = PBXVariantGroup;
			children = (
				16F6F8871BE984D1004B10B3 /* Base */,
			);
			name = LaunchScreen.storyboard;
			sourceTree = "<group>";
		};
/* End PBXVariantGroup section */

/* Begin XCBuildConfiguration section */
		16F6F8A01BE984D2004B10B3 /* Debug */ = {
			isa = XCBuildConfiguration;
			buildSettings = {
				ALWAYS_SEARCH_USER_PATHS = NO;
				CLANG_CXX_LANGUAGE_STANDARD = "gnu++0x";
				CLANG_CXX_LIBRARY = "libc++";
				CLANG_ENABLE_MODULES = YES;
				CLANG_ENABLE_OBJC_ARC = YES;
				CLANG_WARN_BOOL_CONVERSION = YES;
				CLANG_WARN_CONSTANT_CONVERSION = YES;
				CLANG_WARN_DIRECT_OBJC_ISA_USAGE = YES_ERROR;
				CLANG_WARN_EMPTY_BODY = YES;
				CLANG_WARN_ENUM_CONVERSION = YES;
				CLANG_WARN_INT_CONVERSION = YES;
				CLANG_WARN_OBJC_ROOT_CLASS = YES_ERROR;
				CLANG_WARN_UNREACHABLE_CODE = YES;
				CLANG_WARN__DUPLICATE_METHOD_MATCH = YES;
				"CODE_SIGN_IDENTITY[sdk=iphoneos*]" = "iPhone Developer";
				COPY_PHASE_STRIP = NO;
				DEBUG_INFORMATION_FORMAT = dwarf;
				ENABLE_STRICT_OBJC_MSGSEND = YES;
				ENABLE_TESTABILITY = YES;
				GCC_C_LANGUAGE_STANDARD = gnu99;
				GCC_DYNAMIC_NO_PIC = NO;
				GCC_NO_COMMON_BLOCKS = YES;
				GCC_OPTIMIZATION_LEVEL = 0;
				GCC_PREPROCESSOR_DEFINITIONS = (
					"DEBUG=1",
					"$(inherited)",
				);
				GCC_WARN_64_TO_32_BIT_CONVERSION = YES;
				GCC_WARN_ABOUT_RETURN_TYPE = YES_ERROR;
				GCC_WARN_UNDECLARED_SELECTOR = YES;
				GCC_WARN_UNINITIALIZED_AUTOS = YES_AGGRESSIVE;
				GCC_WARN_UNUSED_FUNCTION = YES;
				GCC_WARN_UNUSED_VARIABLE = YES;
				IPHONEOS_DEPLOYMENT_TARGET = 9.1;
				MTL_ENABLE_DEBUG_INFO = YES;
				ONLY_ACTIVE_ARCH = YES;
				SDKROOT = iphoneos;
				SWIFT_OPTIMIZATION_LEVEL = "-Onone";
			};
			name = Debug;
		};
		16F6F8A11BE984D2004B10B3 /* Release */ = {
			isa = XCBuildConfiguration;
			buildSettings = {
				ALWAYS_SEARCH_USER_PATHS = NO;
				CLANG_CXX_LANGUAGE_STANDARD = "gnu++0x";
				CLANG_CXX_LIBRARY = "libc++";
				CLANG_ENABLE_MODULES = YES;
				CLANG_ENABLE_OBJC_ARC = YES;
				CLANG_WARN_BOOL_CONVERSION = YES;
				CLANG_WARN_CONSTANT_CONVERSION = YES;
				CLANG_WARN_DIRECT_OBJC_ISA_USAGE = YES_ERROR;
				CLANG_WARN_EMPTY_BODY = YES;
				CLANG_WARN_ENUM_CONVERSION = YES;
				CLANG_WARN_INT_CONVERSION = YES;
				CLANG_WARN_OBJC_ROOT_CLASS = YES_ERROR;
				CLANG_WARN_UNREACHABLE_CODE = YES;
				CLANG_WARN__DUPLICATE_METHOD_MATCH = YES;
				"CODE_SIGN_IDENTITY[sdk=iphoneos*]" = "iPhone Developer";
				COPY_PHASE_STRIP = NO;
				DEBUG_INFORMATION_FORMAT = "dwarf-with-dsym";
				ENABLE_NS_ASSERTIONS = NO;
				ENABLE_STRICT_OBJC_MSGSEND = YES;
				GCC_C_LANGUAGE_STANDARD = gnu99;
				GCC_NO_COMMON_BLOCKS = YES;
				GCC_WARN_64_TO_32_BIT_CONVERSION = YES;
				GCC_WARN_ABOUT_RETURN_TYPE = YES_ERROR;
				GCC_WARN_UNDECLARED_SELECTOR = YES;
				GCC_WARN_UNINITIALIZED_AUTOS = YES_AGGRESSIVE;
				GCC_WARN_UNUSED_FUNCTION = YES;
				GCC_WARN_UNUSED_VARIABLE = YES;
				IPHONEOS_DEPLOYMENT_TARGET = 9.1;
				MTL_ENABLE_DEBUG_INFO = NO;
				SDKROOT = iphoneos;
				VALIDATE_PRODUCT = YES;
			};
			name = Release;
		};
		16F6F8A31BE984D2004B10B3 /* Debug */ = {
			isa = XCBuildConfiguration;
			buildSettings = {
				ASSETCATALOG_COMPILER_APPICON_NAME = AppIcon;
				INFOPLIST_FILE = SampleProjectWithTests/Info.plist;
				LD_RUNPATH_SEARCH_PATHS = "$(inherited) @executable_path/Frameworks";
				PRODUCT_BUNDLE_IDENTIFIER = com.microsoft.hockeyapp.SampleProjectWithTests;
				PRODUCT_NAME = "$(TARGET_NAME)";
			};
			name = Debug;
		};
		16F6F8A41BE984D2004B10B3 /* Release */ = {
			isa = XCBuildConfiguration;
			buildSettings = {
				ASSETCATALOG_COMPILER_APPICON_NAME = AppIcon;
				INFOPLIST_FILE = SampleProjectWithTests/Info.plist;
				LD_RUNPATH_SEARCH_PATHS = "$(inherited) @executable_path/Frameworks";
				PRODUCT_BUNDLE_IDENTIFIER = com.microsoft.hockeyapp.SampleProjectWithTests;
				PRODUCT_NAME = "$(TARGET_NAME)";
			};
			name = Release;
		};
		16F6F8A61BE984D2004B10B3 /* Debug */ = {
			isa = XCBuildConfiguration;
			buildSettings = {
				BUNDLE_LOADER = "$(TEST_HOST)";
				INFOPLIST_FILE = SampleProjectWithTestsTests/Info.plist;
				LD_RUNPATH_SEARCH_PATHS = "$(inherited) @executable_path/Frameworks @loader_path/Frameworks";
				PRODUCT_BUNDLE_IDENTIFIER = com.microsoft.hockeyapp.SampleProjectWithTestsTests;
				PRODUCT_NAME = "$(TARGET_NAME)";
				TEST_HOST = "$(BUILT_PRODUCTS_DIR)/SampleProjectWithTests.app/SampleProjectWithTests";
			};
			name = Debug;
		};
		16F6F8A71BE984D2004B10B3 /* Release */ = {
			isa = XCBuildConfiguration;
			buildSettings = {
				BUNDLE_LOADER = "$(TEST_HOST)";
				INFOPLIST_FILE = SampleProjectWithTestsTests/Info.plist;
				LD_RUNPATH_SEARCH_PATHS = "$(inherited) @executable_path/Frameworks @loader_path/Frameworks";
				PRODUCT_BUNDLE_IDENTIFIER = com.microsoft.hockeyapp.SampleProjectWithTestsTests;
				PRODUCT_NAME = "$(TARGET_NAME)";
				TEST_HOST = "$(BUILT_PRODUCTS_DIR)/SampleProjectWithTests.app/SampleProjectWithTests";
			};
			name = Release;
		};
/* End XCBuildConfiguration section */

/* Begin XCConfigurationList section */
		16F6F8731BE984D1004B10B3 /* Build configuration list for PBXProject "SampleProjectWithTests" */ = {
			isa = XCConfigurationList;
			buildConfigurations = (
				16F6F8A01BE984D2004B10B3 /* Debug */,
				16F6F8A11BE984D2004B10B3 /* Release */,
			);
			defaultConfigurationIsVisible = 0;
			defaultConfigurationName = Release;
		};
		16F6F8A21BE984D2004B10B3 /* Build configuration list for PBXNativeTarget "SampleProjectWithTests" */ = {
			isa = XCConfigurationList;
			buildConfigurations = (
				16F6F8A31BE984D2004B10B3 /* Debug */,
				16F6F8A41BE984D2004B10B3 /* Release */,
			);
			defaultConfigurationIsVisible = 0;
		};
		16F6F8A51BE984D2004B10B3 /* Build configuration list for PBXNativeTarget "SampleProjectWithTestsTests" */ = {
			isa = XCConfigurationList;
			buildConfigurations = (
				16F6F8A61BE984D2004B10B3 /* Debug */,
				16F6F8A71BE984D2004B10B3 /* Release */,
			);
			defaultConfigurationIsVisible = 0;
		};
/* End XCConfigurationList section */
	};
	rootObject = 16F6F8701BE984D1004B10B3 /* Project object */;
}
